
Microsoft Visual Studio Solution File, Format Version 12.00
# Visual Studio 15
VisualStudioVersion = 15.0.28010.2050
MinimumVisualStudioVersion = 10.0.40219.1
Project("{8BC9CEB8-8B4A-11D0-8D11-00A0C91BC942}") = "Gra-SFML", "Gra-SFML\Gra-SFML.vcxproj", "{59D9CDBE-4B97-4E57-9469-81F136BAF78F}"
EndProject
Global
	GlobalSection(SolutionConfigurationPlatforms) = preSolution
		Debug|x64 = Debug|x64
		Debug|x86 = Debug|x86
		Release|x64 = Release|x64
		Release|x86 = Release|x86
	EndGlobalSection
	GlobalSection(ProjectConfigurationPlatforms) = postSolution
		{59D9CDBE-4B97-4E57-9469-81F136BAF78F}.Debug|x64.ActiveCfg = Debug|x64
		{59D9CDBE-4B97-4E57-9469-81F136BAF78F}.Debug|x64.Build.0 = Debug|x64
		{59D9CDBE-4B97-4E57-9469-81F136BAF78F}.Debug|x86.ActiveCfg = Debug|Win32
		{59D9CDBE-4B97-4E57-9469-81F136BAF78F}.Debug|x86.Build.0 = Debug|Win32
		{59D9CDBE-4B97-4E57-9469-81F136BAF78F}.Release|x64.ActiveCfg = Release|x64
		{59D9CDBE-4B97-4E57-9469-81F136BAF78F}.Release|x64.Build.0 = Release|x64
		{59D9CDBE-4B97-4E57-9469-81F136BAF78F}.Release|x86.ActiveCfg = Release|Win32
		{59D9CDBE-4B97-4E57-9469-81F136BAF78F}.Release|x86.Build.0 = Release|Win32
	EndGlobalSection
	GlobalSection(SolutionProperties) = preSolution
		HideSolutionNode = FALSE
	EndGlobalSection
	GlobalSection(ExtensibilityGlobals) = postSolution
		SolutionGuid = {621E4251-6E33-4119-A1A4-CEC614BE19D8}
	EndGlobalSection
EndGlobal
